
Microsoft Visual Studio Solution File, Format Version 12.00
# Visual Studio Version 17
VisualStudioVersion = 17.1.32414.318
MinimumVisualStudioVersion = 10.0.40219.1
Project("{FAE04EC0-301F-11D3-BF4B-00C04F79EFBC}") = "SalesTransactionService", "SalesTransactionService\SalesTransactionService.csproj", "{6EDA6852-ADDE-4D6F-992C-67CBF4E81928}"
EndProject
Project("{FAE04EC0-301F-11D3-BF4B-00C04F79EFBC}") = "SalesTransactionWebAPI", "SalesTransactionWebAPI\SalesTransactionWebAPI.csproj", "{1435F436-9568-4578-8147-1641FDE92BDA}"
EndProject
Global
	GlobalSection(SolutionConfigurationPlatforms) = preSolution
		Debug|Any CPU = Debug|Any CPU
		Release|Any CPU = Release|Any CPU
	EndGlobalSection
	GlobalSection(ProjectConfigurationPlatforms) = postSolution
		{6EDA6852-ADDE-4D6F-992C-67CBF4E81928}.Debug|Any CPU.ActiveCfg = Debug|Any CPU
		{6EDA6852-ADDE-4D6F-992C-67CBF4E81928}.Debug|Any CPU.Build.0 = Debug|Any CPU
		{6EDA6852-ADDE-4D6F-992C-67CBF4E81928}.Release|Any CPU.ActiveCfg = Release|Any CPU
		{6EDA6852-ADDE-4D6F-992C-67CBF4E81928}.Release|Any CPU.Build.0 = Release|Any CPU
		{1435F436-9568-4578-8147-1641FDE92BDA}.Debug|Any CPU.ActiveCfg = Debug|Any CPU
		{1435F436-9568-4578-8147-1641FDE92BDA}.Debug|Any CPU.Build.0 = Debug|Any CPU
		{1435F436-9568-4578-8147-1641FDE92BDA}.Release|Any CPU.ActiveCfg = Release|Any CPU
		{1435F436-9568-4578-8147-1641FDE92BDA}.Release|Any CPU.Build.0 = Release|Any CPU
	EndGlobalSection
	GlobalSection(SolutionProperties) = preSolution
		HideSolutionNode = FALSE
	EndGlobalSection
	GlobalSection(ExtensibilityGlobals) = postSolution
		SolutionGuid = {DB92110E-98C6-4C0D-B0D6-218C9C100C12}
	EndGlobalSection
EndGlobal
